
Microsoft Visual Studio Solution File, Format Version 11.00
# Visual Studio 2010
Project("{FAE04EC0-301F-11D3-BF4B-00C04F79EFBC}") = "FadeBetweenImages", "FadeBetweenImages\FadeBetweenImages\FadeBetweenImages.csproj", "{7AE84560-75D0-49A0-ADD2-7B7E6D60DA42}"
EndProject
Project("{96E2B04D-8817-42C6-938A-82C39BA4D311}") = "FadeBetweenImagesContent", "FadeBetweenImages\FadeBetweenImagesContent\FadeBetweenImagesContent.contentproj", "{8BF3DD78-AE40-4772-A12A-8EDDDB55835C}"
EndProject
Global
	GlobalSection(SolutionConfigurationPlatforms) = preSolution
		Debug|Any CPU = Debug|Any CPU
		Debug|Windows Phone = Debug|Windows Phone
		Release|Any CPU = Release|Any CPU
		Release|Windows Phone = Release|Windows Phone
	EndGlobalSection
	GlobalSection(ProjectConfigurationPlatforms) = postSolution
		{7AE84560-75D0-49A0-ADD2-7B7E6D60DA42}.Debug|Any CPU.ActiveCfg = Debug|Windows Phone
		{7AE84560-75D0-49A0-ADD2-7B7E6D60DA42}.Debug|Windows Phone.ActiveCfg = Debug|Windows Phone
		{7AE84560-75D0-49A0-ADD2-7B7E6D60DA42}.Debug|Windows Phone.Build.0 = Debug|Windows Phone
		{7AE84560-75D0-49A0-ADD2-7B7E6D60DA42}.Debug|Windows Phone.Deploy.0 = Debug|Windows Phone
		{7AE84560-75D0-49A0-ADD2-7B7E6D60DA42}.Release|Any CPU.ActiveCfg = Release|Windows Phone
		{7AE84560-75D0-49A0-ADD2-7B7E6D60DA42}.Release|Windows Phone.ActiveCfg = Release|Windows Phone
		{7AE84560-75D0-49A0-ADD2-7B7E6D60DA42}.Release|Windows Phone.Build.0 = Release|Windows Phone
		{7AE84560-75D0-49A0-ADD2-7B7E6D60DA42}.Release|Windows Phone.Deploy.0 = Release|Windows Phone
		{8BF3DD78-AE40-4772-A12A-8EDDDB55835C}.Debug|Any CPU.ActiveCfg = Debug|Any CPU
		{8BF3DD78-AE40-4772-A12A-8EDDDB55835C}.Debug|Windows Phone.ActiveCfg = Debug|Any CPU
		{8BF3DD78-AE40-4772-A12A-8EDDDB55835C}.Release|Any CPU.ActiveCfg = Debug|Any CPU
		{8BF3DD78-AE40-4772-A12A-8EDDDB55835C}.Release|Windows Phone.ActiveCfg = Debug|Any CPU
	EndGlobalSection
	GlobalSection(SolutionProperties) = preSolution
		HideSolutionNode = FALSE
	EndGlobalSection
EndGlobal
