
Microsoft Visual Studio Solution File, Format Version 11.00
# Visual Studio 2010
Project("{FAE04EC0-301F-11D3-BF4B-00C04F79EFBC}") = "ColorFade", "ColorFade.csproj", "{8011ECBC-F905-46E5-ADF5-C0A253264D17}"
EndProject
Project("{FAE04EC0-301F-11D3-BF4B-00C04F79EFBC}") = "ColorFade.Web", "..\ColorFade.Web\ColorFade.Web.csproj", "{F515FFCB-2537-4C02-9E52-4E928C2262DA}"
EndProject
Global
	GlobalSection(SolutionConfigurationPlatforms) = preSolution
		Debug|Any CPU = Debug|Any CPU
		Release|Any CPU = Release|Any CPU
	EndGlobalSection
	GlobalSection(ProjectConfigurationPlatforms) = postSolution
		{8011ECBC-F905-46E5-ADF5-C0A253264D17}.Debug|Any CPU.ActiveCfg = Debug|Any CPU
		{8011ECBC-F905-46E5-ADF5-C0A253264D17}.Debug|Any CPU.Build.0 = Debug|Any CPU
		{8011ECBC-F905-46E5-ADF5-C0A253264D17}.Release|Any CPU.ActiveCfg = Release|Any CPU
		{8011ECBC-F905-46E5-ADF5-C0A253264D17}.Release|Any CPU.Build.0 = Release|Any CPU
		{F515FFCB-2537-4C02-9E52-4E928C2262DA}.Debug|Any CPU.ActiveCfg = Debug|Any CPU
		{F515FFCB-2537-4C02-9E52-4E928C2262DA}.Debug|Any CPU.Build.0 = Debug|Any CPU
		{F515FFCB-2537-4C02-9E52-4E928C2262DA}.Release|Any CPU.ActiveCfg = Release|Any CPU
		{F515FFCB-2537-4C02-9E52-4E928C2262DA}.Release|Any CPU.Build.0 = Release|Any CPU
	EndGlobalSection
	GlobalSection(SolutionProperties) = preSolution
		HideSolutionNode = FALSE
	EndGlobalSection
EndGlobal
