
Microsoft Visual Studio Solution File, Format Version 11.00
# Visual Studio 2010
Project("{FAE04EC0-301F-11D3-BF4B-00C04F79EFBC}") = "AnimationFrames", "AnimationFrames\AnimationFrames\AnimationFrames.csproj", "{71161AAC-2473-4863-B08B-7750C8A59ECE}"
EndProject
Project("{96E2B04D-8817-42C6-938A-82C39BA4D311}") = "AnimationFramesContent", "AnimationFrames\AnimationFramesContent\AnimationFramesContent.contentproj", "{46F51A2B-8B58-47E0-B9B6-737414B0559E}"
EndProject
Global
	GlobalSection(SolutionConfigurationPlatforms) = preSolution
		Debug|Any CPU = Debug|Any CPU
		Debug|Windows Phone = Debug|Windows Phone
		Release|Any CPU = Release|Any CPU
		Release|Windows Phone = Release|Windows Phone
	EndGlobalSection
	GlobalSection(ProjectConfigurationPlatforms) = postSolution
		{71161AAC-2473-4863-B08B-7750C8A59ECE}.Debug|Any CPU.ActiveCfg = Debug|Windows Phone
		{71161AAC-2473-4863-B08B-7750C8A59ECE}.Debug|Windows Phone.ActiveCfg = Debug|Windows Phone
		{71161AAC-2473-4863-B08B-7750C8A59ECE}.Debug|Windows Phone.Build.0 = Debug|Windows Phone
		{71161AAC-2473-4863-B08B-7750C8A59ECE}.Debug|Windows Phone.Deploy.0 = Debug|Windows Phone
		{71161AAC-2473-4863-B08B-7750C8A59ECE}.Release|Any CPU.ActiveCfg = Release|Windows Phone
		{71161AAC-2473-4863-B08B-7750C8A59ECE}.Release|Windows Phone.ActiveCfg = Release|Windows Phone
		{71161AAC-2473-4863-B08B-7750C8A59ECE}.Release|Windows Phone.Build.0 = Release|Windows Phone
		{71161AAC-2473-4863-B08B-7750C8A59ECE}.Release|Windows Phone.Deploy.0 = Release|Windows Phone
		{46F51A2B-8B58-47E0-B9B6-737414B0559E}.Debug|Any CPU.ActiveCfg = Debug|Any CPU
		{46F51A2B-8B58-47E0-B9B6-737414B0559E}.Debug|Windows Phone.ActiveCfg = Debug|Any CPU
		{46F51A2B-8B58-47E0-B9B6-737414B0559E}.Release|Any CPU.ActiveCfg = Debug|Any CPU
		{46F51A2B-8B58-47E0-B9B6-737414B0559E}.Release|Windows Phone.ActiveCfg = Debug|Any CPU
	EndGlobalSection
	GlobalSection(SolutionProperties) = preSolution
		HideSolutionNode = FALSE
	EndGlobalSection
EndGlobal
