
Microsoft Visual Studio Solution File, Format Version 11.00
# Visual Studio 2010
Project("{FAE04EC0-301F-11D3-BF4B-00C04F79EFBC}") = "Tombstoning", "Tombstoning\Tombstoning.csproj", "{87A05B89-42E0-416E-A80C-BCC9CE05F435}"
EndProject
Project("{FAE04EC0-301F-11D3-BF4B-00C04F79EFBC}") = "TombstoningContent", "TombstoningContent\TombstoningContent.contentproj", "{D55E8DA1-1E01-42EF-AF6C-03C503C57432}"
EndProject
Project("{FAE04EC0-301F-11D3-BF4B-00C04F79EFBC}") = "GameFramework", "..\GameFramework\GameFramework.csproj", "{513E15DE-D01C-460E-8235-9C5ED576AED5}"
EndProject
Global
	GlobalSection(SolutionConfigurationPlatforms) = preSolution
		Debug|Any CPU = Debug|Any CPU
		Debug|Windows Phone = Debug|Windows Phone
		Release|Any CPU = Release|Any CPU
		Release|Windows Phone = Release|Windows Phone
	EndGlobalSection
	GlobalSection(ProjectConfigurationPlatforms) = postSolution
		{87A05B89-42E0-416E-A80C-BCC9CE05F435}.Debug|Any CPU.ActiveCfg = Debug|Windows Phone
		{87A05B89-42E0-416E-A80C-BCC9CE05F435}.Debug|Windows Phone.ActiveCfg = Debug|Windows Phone
		{87A05B89-42E0-416E-A80C-BCC9CE05F435}.Debug|Windows Phone.Build.0 = Debug|Windows Phone
		{87A05B89-42E0-416E-A80C-BCC9CE05F435}.Debug|Windows Phone.Deploy.0 = Debug|Windows Phone
		{87A05B89-42E0-416E-A80C-BCC9CE05F435}.Release|Any CPU.ActiveCfg = Release|Windows Phone
		{87A05B89-42E0-416E-A80C-BCC9CE05F435}.Release|Windows Phone.ActiveCfg = Release|Windows Phone
		{87A05B89-42E0-416E-A80C-BCC9CE05F435}.Release|Windows Phone.Build.0 = Release|Windows Phone
		{87A05B89-42E0-416E-A80C-BCC9CE05F435}.Release|Windows Phone.Deploy.0 = Release|Windows Phone
		{D55E8DA1-1E01-42EF-AF6C-03C503C57432}.Debug|Any CPU.ActiveCfg = Debug|Any CPU
		{D55E8DA1-1E01-42EF-AF6C-03C503C57432}.Debug|Windows Phone.ActiveCfg = Debug|Any CPU
		{D55E8DA1-1E01-42EF-AF6C-03C503C57432}.Release|Any CPU.ActiveCfg = Debug|Any CPU
		{D55E8DA1-1E01-42EF-AF6C-03C503C57432}.Release|Windows Phone.ActiveCfg = Debug|Any CPU
		{513E15DE-D01C-460E-8235-9C5ED576AED5}.Debug|Any CPU.ActiveCfg = Debug|Windows Phone
		{513E15DE-D01C-460E-8235-9C5ED576AED5}.Debug|Windows Phone.ActiveCfg = Debug|Windows Phone
		{513E15DE-D01C-460E-8235-9C5ED576AED5}.Debug|Windows Phone.Build.0 = Debug|Windows Phone
		{513E15DE-D01C-460E-8235-9C5ED576AED5}.Release|Any CPU.ActiveCfg = Release|Windows Phone
		{513E15DE-D01C-460E-8235-9C5ED576AED5}.Release|Windows Phone.ActiveCfg = Release|Windows Phone
		{513E15DE-D01C-460E-8235-9C5ED576AED5}.Release|Windows Phone.Build.0 = Release|Windows Phone
	EndGlobalSection
	GlobalSection(SolutionProperties) = preSolution
		HideSolutionNode = FALSE
	EndGlobalSection
EndGlobal
