
Microsoft Visual Studio Solution File, Format Version 11.00
# Visual Studio 2010
Project("{FAE04EC0-301F-11D3-BF4B-00C04F79EFBC}") = "ColorFade", "ColorFade.csproj", "{E587F212-8502-4461-BDF4-77F14EC0C24B}"
EndProject
Global
	GlobalSection(SolutionConfigurationPlatforms) = preSolution
		Debug|Any CPU = Debug|Any CPU
		Release|Any CPU = Release|Any CPU
	EndGlobalSection
	GlobalSection(ProjectConfigurationPlatforms) = postSolution
		{E587F212-8502-4461-BDF4-77F14EC0C24B}.Debug|Any CPU.ActiveCfg = Debug|Any CPU
		{E587F212-8502-4461-BDF4-77F14EC0C24B}.Debug|Any CPU.Build.0 = Debug|Any CPU
		{E587F212-8502-4461-BDF4-77F14EC0C24B}.Debug|Any CPU.Deploy.0 = Debug|Any CPU
		{E587F212-8502-4461-BDF4-77F14EC0C24B}.Release|Any CPU.ActiveCfg = Release|Any CPU
		{E587F212-8502-4461-BDF4-77F14EC0C24B}.Release|Any CPU.Build.0 = Release|Any CPU
		{E587F212-8502-4461-BDF4-77F14EC0C24B}.Release|Any CPU.Deploy.0 = Release|Any CPU
	EndGlobalSection
	GlobalSection(SolutionProperties) = preSolution
		HideSolutionNode = FALSE
	EndGlobalSection
EndGlobal
