
Microsoft Visual Studio Solution File, Format Version 11.00
# Visual Studio 2010
Project("{FAE04EC0-301F-11D3-BF4B-00C04F79EFBC}") = "HitTesting", "HitTesting\HitTesting.csproj", "{175834FC-60F3-4C03-9232-1FBB07666D02}"
EndProject
Project("{FAE04EC0-301F-11D3-BF4B-00C04F79EFBC}") = "HitTestingContent", "HitTestingContent\HitTestingContent.contentproj", "{5E6B7887-C392-449A-8717-66E4881457CB}"
EndProject
Project("{FAE04EC0-301F-11D3-BF4B-00C04F79EFBC}") = "GameFramework", "..\GameFramework\GameFramework.csproj", "{513E15DE-D01C-460E-8235-9C5ED576AED5}"
EndProject
Global
	GlobalSection(SolutionConfigurationPlatforms) = preSolution
		Debug|Any CPU = Debug|Any CPU
		Debug|Windows Phone = Debug|Windows Phone
		Release|Any CPU = Release|Any CPU
		Release|Windows Phone = Release|Windows Phone
	EndGlobalSection
	GlobalSection(ProjectConfigurationPlatforms) = postSolution
		{175834FC-60F3-4C03-9232-1FBB07666D02}.Debug|Any CPU.ActiveCfg = Debug|Windows Phone
		{175834FC-60F3-4C03-9232-1FBB07666D02}.Debug|Windows Phone.ActiveCfg = Debug|Windows Phone
		{175834FC-60F3-4C03-9232-1FBB07666D02}.Debug|Windows Phone.Build.0 = Debug|Windows Phone
		{175834FC-60F3-4C03-9232-1FBB07666D02}.Debug|Windows Phone.Deploy.0 = Debug|Windows Phone
		{175834FC-60F3-4C03-9232-1FBB07666D02}.Release|Any CPU.ActiveCfg = Release|Windows Phone
		{175834FC-60F3-4C03-9232-1FBB07666D02}.Release|Windows Phone.ActiveCfg = Release|Windows Phone
		{175834FC-60F3-4C03-9232-1FBB07666D02}.Release|Windows Phone.Build.0 = Release|Windows Phone
		{175834FC-60F3-4C03-9232-1FBB07666D02}.Release|Windows Phone.Deploy.0 = Release|Windows Phone
		{5E6B7887-C392-449A-8717-66E4881457CB}.Debug|Any CPU.ActiveCfg = Debug|Any CPU
		{5E6B7887-C392-449A-8717-66E4881457CB}.Debug|Windows Phone.ActiveCfg = Debug|Any CPU
		{5E6B7887-C392-449A-8717-66E4881457CB}.Release|Any CPU.ActiveCfg = Debug|Any CPU
		{5E6B7887-C392-449A-8717-66E4881457CB}.Release|Windows Phone.ActiveCfg = Debug|Any CPU
		{513E15DE-D01C-460E-8235-9C5ED576AED5}.Debug|Any CPU.ActiveCfg = Debug|Windows Phone
		{513E15DE-D01C-460E-8235-9C5ED576AED5}.Debug|Windows Phone.ActiveCfg = Debug|Windows Phone
		{513E15DE-D01C-460E-8235-9C5ED576AED5}.Debug|Windows Phone.Build.0 = Debug|Windows Phone
		{513E15DE-D01C-460E-8235-9C5ED576AED5}.Release|Any CPU.ActiveCfg = Release|Windows Phone
		{513E15DE-D01C-460E-8235-9C5ED576AED5}.Release|Windows Phone.ActiveCfg = Release|Windows Phone
		{513E15DE-D01C-460E-8235-9C5ED576AED5}.Release|Windows Phone.Build.0 = Release|Windows Phone
	EndGlobalSection
	GlobalSection(SolutionProperties) = preSolution
		HideSolutionNode = FALSE
	EndGlobalSection
EndGlobal
